
Microsoft Visual Studio Solution File, Format Version 12.00
# Visual Studio Version 16
VisualStudioVersion = 16.0.29411.108
MinimumVisualStudioVersion = 10.0.40219.1
Project("{FAE04EC0-301F-11D3-BF4B-00C04F79EFBC}") = "HydraPharma", "AlphaFarma\HydraPharma.csproj", "{6F06447A-C86B-4D91-B2DE-A5D69EFF3B81}"
EndProject
Global
	GlobalSection(SolutionConfigurationPlatforms) = preSolution
		Debug|Any CPU = Debug|Any CPU
		Release|Any CPU = Release|Any CPU
	EndGlobalSection
	GlobalSection(ProjectConfigurationPlatforms) = postSolution
		{6F06447A-C86B-4D91-B2DE-A5D69EFF3B81}.Debug|Any CPU.ActiveCfg = Debug|Any CPU
		{6F06447A-C86B-4D91-B2DE-A5D69EFF3B81}.Debug|Any CPU.Build.0 = Debug|Any CPU
		{6F06447A-C86B-4D91-B2DE-A5D69EFF3B81}.Release|Any CPU.ActiveCfg = Release|Any CPU
		{6F06447A-C86B-4D91-B2DE-A5D69EFF3B81}.Release|Any CPU.Build.0 = Release|Any CPU
	EndGlobalSection
	GlobalSection(SolutionProperties) = preSolution
		HideSolutionNode = FALSE
	EndGlobalSection
	GlobalSection(ExtensibilityGlobals) = postSolution
		SolutionGuid = {FA42F6D5-9421-4563-BD7D-0317BDB5B95A}
	EndGlobalSection
EndGlobal
